
Microsoft Visual Studio Solution File, Format Version 12.00
# Visual Studio Version 16
VisualStudioVersion = 16.0.30717.126
MinimumVisualStudioVersion = 10.0.40219.1
Project("{FAE04EC0-301F-11D3-BF4B-00C04F79EFBC}") = "BlazorRealTime.Blazor", "BlazorRealTime.Blazor\BlazorRealTime.Blazor.csproj", "{A48B1008-1C64-4237-87A0-13043A400DB6}"
EndProject
Project("{FAE04EC0-301F-11D3-BF4B-00C04F79EFBC}") = "BlazorRealTime.Server", "BlazorRealTime.Server\BlazorRealTime.Server.csproj", "{8559BA60-8ED2-4CC0-9DD2-A5C96E4D8630}"
EndProject
Global
	GlobalSection(SolutionConfigurationPlatforms) = preSolution
		Debug|Any CPU = Debug|Any CPU
		Release|Any CPU = Release|Any CPU
	EndGlobalSection
	GlobalSection(ProjectConfigurationPlatforms) = postSolution
		{A48B1008-1C64-4237-87A0-13043A400DB6}.Debug|Any CPU.ActiveCfg = Debug|Any CPU
		{A48B1008-1C64-4237-87A0-13043A400DB6}.Debug|Any CPU.Build.0 = Debug|Any CPU
		{A48B1008-1C64-4237-87A0-13043A400DB6}.Release|Any CPU.ActiveCfg = Release|Any CPU
		{A48B1008-1C64-4237-87A0-13043A400DB6}.Release|Any CPU.Build.0 = Release|Any CPU
		{8559BA60-8ED2-4CC0-9DD2-A5C96E4D8630}.Debug|Any CPU.ActiveCfg = Debug|Any CPU
		{8559BA60-8ED2-4CC0-9DD2-A5C96E4D8630}.Debug|Any CPU.Build.0 = Debug|Any CPU
		{8559BA60-8ED2-4CC0-9DD2-A5C96E4D8630}.Release|Any CPU.ActiveCfg = Release|Any CPU
		{8559BA60-8ED2-4CC0-9DD2-A5C96E4D8630}.Release|Any CPU.Build.0 = Release|Any CPU
	EndGlobalSection
	GlobalSection(SolutionProperties) = preSolution
		HideSolutionNode = FALSE
	EndGlobalSection
	GlobalSection(ExtensibilityGlobals) = postSolution
		SolutionGuid = {A5A72D51-391C-4FDC-8119-9697F0EAC5DC}
	EndGlobalSection
EndGlobal
